
Microsoft Visual Studio Solution File, Format Version 12.00
# Visual Studio Version 17
VisualStudioVersion = 17.5.002.0
MinimumVisualStudioVersion = 10.0.40219.1
Project("{9A19103F-16F7-4668-BE54-9A1E7A4F7556}") = "MyBudgetManagerAPI", "MyBudgetManagerAPI.csproj", "{6B7259FB-DC52-4640-83DE-9B8E22CD3F93}"
EndProject
Global
	GlobalSection(SolutionConfigurationPlatforms) = preSolution
		Debug|Any CPU = Debug|Any CPU
		Release|Any CPU = Release|Any CPU
	EndGlobalSection
	GlobalSection(ProjectConfigurationPlatforms) = postSolution
		{6B7259FB-DC52-4640-83DE-9B8E22CD3F93}.Debug|Any CPU.ActiveCfg = Debug|Any CPU
		{6B7259FB-DC52-4640-83DE-9B8E22CD3F93}.Debug|Any CPU.Build.0 = Debug|Any CPU
		{6B7259FB-DC52-4640-83DE-9B8E22CD3F93}.Release|Any CPU.ActiveCfg = Release|Any CPU
		{6B7259FB-DC52-4640-83DE-9B8E22CD3F93}.Release|Any CPU.Build.0 = Release|Any CPU
	EndGlobalSection
	GlobalSection(SolutionProperties) = preSolution
		HideSolutionNode = FALSE
	EndGlobalSection
	GlobalSection(ExtensibilityGlobals) = postSolution
		SolutionGuid = {7A047389-C564-4FBD-B31C-0CAF582411A2}
	EndGlobalSection
EndGlobal
